{
  "name": "matcha",
  "lockfileVersion": 3,
  "requires": true,
  "packages": {
    "": {
      "dependencies": {
        "swr": "^2.3.4"
      },
      "devDependencies": {
        "@types/react-toastify": "^4.0.2"
      }
    },
    "backend": {
      "name": "matcha-backend",
      "version": "1.0.0",
      "extraneous": true,
      "license": "MIT",
      "dependencies": {
        "@types/bcrypt": "^5.0.2",
        "@types/node-fetch": "^2.6.12",
        "axios": "^1.10.0",
        "bcryptjs": "^2.4.3",
        "cors": "^2.8.5",
        "crypto": "^1.0.1",
        "dotenv": "^16.3.1",
        "express": "^4.18.2",
        "express-rate-limit": "^6.10.0",
        "express-validator": "^7.0.1",
        "helmet": "^7.0.0",
        "jsonwebtoken": "^9.0.2",
        "multer": "^1.4.5-lts.1",
        "node-fetch": "^3.3.2",
        "nodemailer": "^6.10.1",
        "pg": "^8.11.3",
        "uuid": "^9.0.0",
        "validator": "^13.15.15"
      },
      "devDependencies": {
        "@types/bcryptjs": "^2.4.3",
        "@types/cors": "^2.8.13",
        "@types/express": "^4.17.17",
        "@types/jsonwebtoken": "^9.0.2",
        "@types/multer": "^1.4.13",
        "@types/node": "^20.5.1",
        "@types/nodemailer": "^6.4.17",
        "@types/pg": "^8.10.2",
        "@types/uuid": "^9.0.2",
        "@types/validator": "^13.15.2",
        "ts-node-dev": "^2.0.0",
        "typescript": "^5.1.6"
      }
    },
    "frontend": {
      "version": "0.0.0",
      "extraneous": true,
      "dependencies": {
        "@radix-ui/react-dialog": "^1.0.5",
        "@radix-ui/react-dropdown-menu": "^2.0.6",
        "@radix-ui/react-label": "^2.0.2",
        "@radix-ui/react-slot": "^1.0.2",
        "@radix-ui/react-toast": "^1.1.5",
        "axios": "^1.10.0",
        "class-variance-authority": "^0.7.0",
        "clsx": "^2.1.0",
        "framer-motion": "^11.0.0",
        "lucide-react": "^0.460.0",
        "react": "^19.1.0",
        "react-dom": "^19.1.0",
        "react-router-dom": "^6.30.1",
        "tailwind-merge": "^2.2.1",
        "tailwindcss-animate": "^1.0.7"
      },
      "devDependencies": {
        "@eslint/js": "^9.25.0",
        "@types/node": "^20.11.0",
        "@types/react": "^19.1.2",
        "@types/react-dom": "^19.1.2",
        "@vitejs/plugin-react": "^4.4.1",
        "autoprefixer": "^10.4.17",
        "eslint": "^9.25.0",
        "eslint-plugin-react-hooks": "^5.2.0",
        "eslint-plugin-react-refresh": "^0.4.19",
        "globals": "^16.0.0",
        "postcss": "^8.4.35",
        "tailwindcss": "^3.4.1",
        "typescript": "~5.8.3",
        "typescript-eslint": "^8.30.1",
        "vite": "^6.3.5"
      }
    },
    "node_modules/@types/react": {
      "version": "19.1.8",
      "dev": true,
      "license": "MIT",
      "dependencies": {
        "csstype": "^3.0.2"
      }
    },
    "node_modules/@types/react-toastify": {
      "version": "4.0.2",
      "resolved": "https://registry.npmjs.org/@types/react-toastify/-/react-toastify-4.0.2.tgz",
      "integrity": "sha512-pHjCstnN0ZgopIWQ9UiWsD9n+HsXs1PnMQC4hIZuSzpDO0lRjigpTuqsUtnBkMbLIg+mGFSAsBjL49SspzoLKA==",
      "dev": true,
      "license": "MIT",
      "dependencies": {
        "@types/react": "*",
        "@types/react-transition-group": "*"
      }
    },
    "node_modules/@types/react-transition-group": {
      "version": "4.4.12",
      "resolved": "https://registry.npmjs.org/@types/react-transition-group/-/react-transition-group-4.4.12.tgz",
      "integrity": "sha512-8TV6R3h2j7a91c+1DXdJi3Syo69zzIZbz7Lg5tORM5LEJG7X/E6a1V3drRyBRZq7/utz7A+c4OgYLiLcYGHG6w==",
      "dev": true,
      "license": "MIT",
      "peerDependencies": {
        "@types/react": "*"
      }
    },
    "node_modules/csstype": {
      "version": "3.1.3",
      "dev": true,
      "license": "MIT"
    },
    "node_modules/dequal": {
      "version": "2.0.3",
      "resolved": "https://registry.npmjs.org/dequal/-/dequal-2.0.3.tgz",
      "integrity": "sha512-0je+qPKHEMohvfRTCEo3CrPG6cAzAYgmzKyxRiYSSDkS6eGJdyVJm7WaYA5ECaAD9wLB2T4EEeymA5aFVcYXCA==",
      "license": "MIT",
      "engines": {
        "node": ">=6"
      }
    },
    "node_modules/react": {
      "version": "19.1.0",
      "resolved": "https://registry.npmjs.org/react/-/react-19.1.0.tgz",
      "integrity": "sha512-FS+XFBNvn3GTAWq26joslQgWNoFu08F4kl0J4CgdNKADkdSGXQyTCnKteIAJy96Br6YbpEU1LSzV5dYtjMkMDg==",
      "license": "MIT",
      "peer": true,
      "engines": {
        "node": ">=0.10.0"
      }
    },
    "node_modules/swr": {
      "version": "2.3.4",
      "resolved": "https://registry.npmjs.org/swr/-/swr-2.3.4.tgz",
      "integrity": "sha512-bYd2lrhc+VarcpkgWclcUi92wYCpOgMws9Sd1hG1ntAu0NEy+14CbotuFjshBU2kt9rYj9TSmDcybpxpeTU1fg==",
      "license": "MIT",
      "dependencies": {
        "dequal": "^2.0.3",
        "use-sync-external-store": "^1.4.0"
      },
      "peerDependencies": {
        "react": "^16.11.0 || ^17.0.0 || ^18.0.0 || ^19.0.0"
      }
    },
    "node_modules/use-sync-external-store": {
      "version": "1.5.0",
      "resolved": "https://registry.npmjs.org/use-sync-external-store/-/use-sync-external-store-1.5.0.tgz",
      "integrity": "sha512-Rb46I4cGGVBmjamjphe8L/UnvJD+uPPtTkNvX5mZgqdbavhI4EbgIWJiIHXJ8bc/i9EQGPRh4DwEURJ552Do0A==",
      "license": "MIT",
      "peerDependencies": {
        "react": "^16.8.0 || ^17.0.0 || ^18.0.0 || ^19.0.0"
      }
    }
  }
}
